
Microsoft Visual Studio Solution File, Format Version 12.00
# Visual Studio Version 17
VisualStudioVersion = 17.4.33213.308
MinimumVisualStudioVersion = 10.0.40219.1
Project("{FAE04EC0-301F-11D3-BF4B-00C04F79EFBC}") = "Accompany-consulting", "Accompany-consulting\Accompany-consulting.csproj", "{8CBAD0C6-BB6D-4142-BA78-2FE6EA5C9721}"
EndProject
Global
	GlobalSection(SolutionConfigurationPlatforms) = preSolution
		Debug|Any CPU = Debug|Any CPU
		Release|Any CPU = Release|Any CPU
	EndGlobalSection
	GlobalSection(ProjectConfigurationPlatforms) = postSolution
		{8CBAD0C6-BB6D-4142-BA78-2FE6EA5C9721}.Debug|Any CPU.ActiveCfg = Debug|Any CPU
		{8CBAD0C6-BB6D-4142-BA78-2FE6EA5C9721}.Debug|Any CPU.Build.0 = Debug|Any CPU
		{8CBAD0C6-BB6D-4142-BA78-2FE6EA5C9721}.Release|Any CPU.ActiveCfg = Release|Any CPU
		{8CBAD0C6-BB6D-4142-BA78-2FE6EA5C9721}.Release|Any CPU.Build.0 = Release|Any CPU
	EndGlobalSection
	GlobalSection(SolutionProperties) = preSolution
		HideSolutionNode = FALSE
	EndGlobalSection
	GlobalSection(ExtensibilityGlobals) = postSolution
		SolutionGuid = {88CB5AFD-8C42-43CD-BB0E-30FD91CC7A5F}
	EndGlobalSection
EndGlobal
